
Microsoft Visual Studio Solution File, Format Version 12.00
# Visual Studio Version 17
VisualStudioVersion = 17.14.36616.10
MinimumVisualStudioVersion = 10.0.40219.1
Project("{FAE04EC0-301F-11D3-BF4B-00C04F79EFBC}") = "Domain", "Domain\Domain.csproj", "{8270F4C7-C753-43FD-A811-FDDEB5EA2C8F}"
EndProject
Project("{FAE04EC0-301F-11D3-BF4B-00C04F79EFBC}") = "Application", "Application\Application.csproj", "{177CE69B-BD4C-4FC6-B74B-DD37AFC7D5C7}"
EndProject
Project("{FAE04EC0-301F-11D3-BF4B-00C04F79EFBC}") = "Infrastructure", "Infrastructure\Infrastructure.csproj", "{B925AECB-B107-4B6C-8327-B6531B8EADD7}"
EndProject
Project("{FAE04EC0-301F-11D3-BF4B-00C04F79EFBC}") = "WebApi", "WebApi\WebApi.csproj", "{FD054E58-B472-4F3F-A963-7B29FDAC8E83}"
EndProject
Project("{FAE04EC0-301F-11D3-BF4B-00C04F79EFBC}") = "Tests", "Tests\Tests.csproj", "{6C016558-50B8-439F-B4B3-064794FDF96A}"
EndProject
Global
	GlobalSection(SolutionConfigurationPlatforms) = preSolution
		Debug|Any CPU = Debug|Any CPU
		Release|Any CPU = Release|Any CPU
	EndGlobalSection
	GlobalSection(ProjectConfigurationPlatforms) = postSolution
		{8270F4C7-C753-43FD-A811-FDDEB5EA2C8F}.Debug|Any CPU.ActiveCfg = Debug|Any CPU
		{8270F4C7-C753-43FD-A811-FDDEB5EA2C8F}.Debug|Any CPU.Build.0 = Debug|Any CPU
		{8270F4C7-C753-43FD-A811-FDDEB5EA2C8F}.Release|Any CPU.ActiveCfg = Release|Any CPU
		{8270F4C7-C753-43FD-A811-FDDEB5EA2C8F}.Release|Any CPU.Build.0 = Release|Any CPU
		{177CE69B-BD4C-4FC6-B74B-DD37AFC7D5C7}.Debug|Any CPU.ActiveCfg = Debug|Any CPU
		{177CE69B-BD4C-4FC6-B74B-DD37AFC7D5C7}.Debug|Any CPU.Build.0 = Debug|Any CPU
		{177CE69B-BD4C-4FC6-B74B-DD37AFC7D5C7}.Release|Any CPU.ActiveCfg = Release|Any CPU
		{177CE69B-BD4C-4FC6-B74B-DD37AFC7D5C7}.Release|Any CPU.Build.0 = Release|Any CPU
		{B925AECB-B107-4B6C-8327-B6531B8EADD7}.Debug|Any CPU.ActiveCfg = Debug|Any CPU
		{B925AECB-B107-4B6C-8327-B6531B8EADD7}.Debug|Any CPU.Build.0 = Debug|Any CPU
		{B925AECB-B107-4B6C-8327-B6531B8EADD7}.Release|Any CPU.ActiveCfg = Release|Any CPU
		{B925AECB-B107-4B6C-8327-B6531B8EADD7}.Release|Any CPU.Build.0 = Release|Any CPU
		{FD054E58-B472-4F3F-A963-7B29FDAC8E83}.Debug|Any CPU.ActiveCfg = Debug|Any CPU
		{FD054E58-B472-4F3F-A963-7B29FDAC8E83}.Debug|Any CPU.Build.0 = Debug|Any CPU
		{FD054E58-B472-4F3F-A963-7B29FDAC8E83}.Release|Any CPU.ActiveCfg = Release|Any CPU
		{FD054E58-B472-4F3F-A963-7B29FDAC8E83}.Release|Any CPU.Build.0 = Release|Any CPU
		{6C016558-50B8-439F-B4B3-064794FDF96A}.Debug|Any CPU.ActiveCfg = Debug|Any CPU
		{6C016558-50B8-439F-B4B3-064794FDF96A}.Debug|Any CPU.Build.0 = Debug|Any CPU
		{6C016558-50B8-439F-B4B3-064794FDF96A}.Release|Any CPU.ActiveCfg = Release|Any CPU
		{6C016558-50B8-439F-B4B3-064794FDF96A}.Release|Any CPU.Build.0 = Release|Any CPU
	EndGlobalSection
	GlobalSection(SolutionProperties) = preSolution
		HideSolutionNode = FALSE
	EndGlobalSection
	GlobalSection(ExtensibilityGlobals) = postSolution
		SolutionGuid = {CE35904E-EA8A-494C-85B1-987F58EB91F0}
	EndGlobalSection
EndGlobal
